
Microsoft Visual Studio Solution File, Format Version 12.00
# Visual Studio Version 16
VisualStudioVersion = 16.0.30204.135
MinimumVisualStudioVersion = 10.0.40219.1
Project("{FAE04EC0-301F-11D3-BF4B-00C04F79EFBC}") = "MyFirstApi", "MyFirstApi\MyFirstApi.csproj", "{876F2B53-FC89-4347-8FD7-11E00ED4E37A}"
EndProject
Project("{FAE04EC0-301F-11D3-BF4B-00C04F79EFBC}") = "MyApi.Entity", "MyApi.Entity\MyApi.Entity.csproj", "{E0B6BA93-0757-4FFF-AF96-8A0DF65EAA5F}"
EndProject
Global
	GlobalSection(SolutionConfigurationPlatforms) = preSolution
		Debug|Any CPU = Debug|Any CPU
		Release|Any CPU = Release|Any CPU
	EndGlobalSection
	GlobalSection(ProjectConfigurationPlatforms) = postSolution
		{876F2B53-FC89-4347-8FD7-11E00ED4E37A}.Debug|Any CPU.ActiveCfg = Debug|Any CPU
		{876F2B53-FC89-4347-8FD7-11E00ED4E37A}.Debug|Any CPU.Build.0 = Debug|Any CPU
		{876F2B53-FC89-4347-8FD7-11E00ED4E37A}.Release|Any CPU.ActiveCfg = Release|Any CPU
		{876F2B53-FC89-4347-8FD7-11E00ED4E37A}.Release|Any CPU.Build.0 = Release|Any CPU
		{E0B6BA93-0757-4FFF-AF96-8A0DF65EAA5F}.Debug|Any CPU.ActiveCfg = Debug|Any CPU
		{E0B6BA93-0757-4FFF-AF96-8A0DF65EAA5F}.Debug|Any CPU.Build.0 = Debug|Any CPU
		{E0B6BA93-0757-4FFF-AF96-8A0DF65EAA5F}.Release|Any CPU.ActiveCfg = Release|Any CPU
		{E0B6BA93-0757-4FFF-AF96-8A0DF65EAA5F}.Release|Any CPU.Build.0 = Release|Any CPU
	EndGlobalSection
	GlobalSection(SolutionProperties) = preSolution
		HideSolutionNode = FALSE
	EndGlobalSection
	GlobalSection(ExtensibilityGlobals) = postSolution
		SolutionGuid = {B0560AE1-AD2E-40D5-9B14-31EEBAA527B1}
	EndGlobalSection
EndGlobal
